{
  "object": {
    "pins": [
      {
        "package": "AnyCodable",
        "repositoryURL": "https://github.com/Flight-School/AnyCodable.git",
        "state": {
          "branch": null,
          "revision": "396ccc3dba5bdee04c1e742e7fab40582861401e",
          "version": "0.1.0"
        }
      },
      {
        "package": "CryptoSwift",
        "repositoryURL": "https://github.com/krzyzanowskim/CryptoSwift.git",
        "state": {
          "branch": null,
          "revision": "3a2acbb32ab68215ee1596ee6004da8e90c3721b",
          "version": "1.0.0"
        }
      },
      {
        "package": "Gzip",
        "repositoryURL": "https://github.com/1024jp/GzipSwift.git",
        "state": {
          "branch": null,
          "revision": "eac1da34ec837f501b56d810bdf0fd68b3f91e19",
          "version": "4.1.0"
        }
      }
    ]
  },
  "version": 1
}
